<?xml version="1.0" encoding="utf-8"?>
<Project ToolsVersion="4.0" xmlns="http://schemas.microsoft.com/developer/msbuild/2003">
  <ItemGroup>
    <Filter Include="리소스 파일">
      <UniqueIdentifier>{67DA6AB6-F800-4c08-8B7A-83BB121AAD01}</UniqueIdentifier>
      <Extensions>rc;ico;cur;bmp;dlg;rc2;rct;bin;rgs;gif;jpg;jpeg;jpe;resx;tiff;tif;png;wav;mfcribbon-ms</Extensions>
    </Filter>
    <Filter Include="Framework">
      <UniqueIdentifier>{75281299-e002-4ac5-a81c-a1239baaa472}</UniqueIdentifier>
    </Filter>
    <Filter Include="Game">
      <UniqueIdentifier>{bf52f8f7-a7a7-4784-b5ee-5f666a1c87ef}</UniqueIdentifier>
    </Filter>
  </ItemGroup>
  <ItemGroup>
    <ClCompile Include="Main.c" />
    <ClCompile Include="Framework\Renderer.c">
      <Filter>Framework</Filter>
    </ClCompile>
    <ClCompile Include="Framework\App.c">
      <Filter>Framework</Filter>
    </ClCompile>
    <ClCompile Include="Framework\Timer.c">
      <Filter>Framework</Filter>
    </ClCompile>
    <ClCompile Include="Framework\Input.c">
      <Filter>Framework</Filter>
    </ClCompile>
  </ItemGroup>
  <ItemGroup>
    <ClInclude Include="Framework\Renderer.h">
      <Filter>Framework</Filter>
    </ClInclude>
    <ClInclude Include="Framework\App.h">
      <Filter>Framework</Filter>
    </ClInclude>
    <ClInclude Include="Framework\Timer.h">
      <Filter>Framework</Filter>
    </ClInclude>
    <ClInclude Include="Type.h" />
    <ClInclude Include="Common.h" />
    <ClInclude Include="Framework\Input.h">
      <Filter>Framework</Filter>
    </ClInclude>
  </ItemGroup>
</Project>